
Microsoft Visual Studio Solution File, Format Version 12.00
# Visual Studio 15
VisualStudioVersion = 15.0.28010.2048
MinimumVisualStudioVersion = 10.0.40219.1
Project("{FAE04EC0-301F-11D3-BF4B-00C04F79EFBC}") = "Ajax-Minimal", "Ajax-Minimal\Ajax-Minimal.csproj", "{88501596-B0A4-413D-90E5-5B2E7D3FE599}"
EndProject
Global
	GlobalSection(SolutionConfigurationPlatforms) = preSolution
		Debug|Any CPU = Debug|Any CPU
		Release|Any CPU = Release|Any CPU
	EndGlobalSection
	GlobalSection(ProjectConfigurationPlatforms) = postSolution
		{88501596-B0A4-413D-90E5-5B2E7D3FE599}.Debug|Any CPU.ActiveCfg = Debug|Any CPU
		{88501596-B0A4-413D-90E5-5B2E7D3FE599}.Debug|Any CPU.Build.0 = Debug|Any CPU
		{88501596-B0A4-413D-90E5-5B2E7D3FE599}.Release|Any CPU.ActiveCfg = Release|Any CPU
		{88501596-B0A4-413D-90E5-5B2E7D3FE599}.Release|Any CPU.Build.0 = Release|Any CPU
	EndGlobalSection
	GlobalSection(SolutionProperties) = preSolution
		HideSolutionNode = FALSE
	EndGlobalSection
	GlobalSection(ExtensibilityGlobals) = postSolution
		SolutionGuid = {6D6B7FBD-AF4A-490D-9B1B-3DE8E240E034}
	EndGlobalSection
EndGlobal
